
Microsoft Visual Studio Solution File, Format Version 12.00
# Visual Studio Version 16
VisualStudioVersion = 16.0.30225.117
MinimumVisualStudioVersion = 10.0.40219.1
Project("{FAE04EC0-301F-11D3-BF4B-00C04F79EFBC}") = "KaedeTranslator", "KaedeTranslator.csproj", "{3EA17AEB-87E3-48A1-B4BC-30E3BF41C20D}"
	ProjectSection(ProjectDependencies) = postProject
		{B9D7A9AE-367C-4FDD-A559-52152DFB8015} = {B9D7A9AE-367C-4FDD-A559-52152DFB8015}
	EndProjectSection
EndProject
Project("{9A19103F-16F7-4668-BE54-9A1E7A4F7556}") = "KaedeCore", "..\KaedeCore\KaedeCore.csproj", "{B9D7A9AE-367C-4FDD-A559-52152DFB8015}"
EndProject
Global
	GlobalSection(SolutionConfigurationPlatforms) = preSolution
		Debug|Any CPU = Debug|Any CPU
		Release|Any CPU = Release|Any CPU
	EndGlobalSection
	GlobalSection(ProjectConfigurationPlatforms) = postSolution
		{3EA17AEB-87E3-48A1-B4BC-30E3BF41C20D}.Debug|Any CPU.ActiveCfg = Debug|Any CPU
		{3EA17AEB-87E3-48A1-B4BC-30E3BF41C20D}.Debug|Any CPU.Build.0 = Debug|Any CPU
		{3EA17AEB-87E3-48A1-B4BC-30E3BF41C20D}.Release|Any CPU.ActiveCfg = Release|Any CPU
		{3EA17AEB-87E3-48A1-B4BC-30E3BF41C20D}.Release|Any CPU.Build.0 = Release|Any CPU
		{B9D7A9AE-367C-4FDD-A559-52152DFB8015}.Debug|Any CPU.ActiveCfg = Debug|Any CPU
		{B9D7A9AE-367C-4FDD-A559-52152DFB8015}.Debug|Any CPU.Build.0 = Debug|Any CPU
		{B9D7A9AE-367C-4FDD-A559-52152DFB8015}.Release|Any CPU.ActiveCfg = Release|Any CPU
		{B9D7A9AE-367C-4FDD-A559-52152DFB8015}.Release|Any CPU.Build.0 = Release|Any CPU
	EndGlobalSection
	GlobalSection(SolutionProperties) = preSolution
		HideSolutionNode = FALSE
	EndGlobalSection
	GlobalSection(ExtensibilityGlobals) = postSolution
		SolutionGuid = {B2D56675-8663-4100-8D0F-EB09A0219DEE}
	EndGlobalSection
EndGlobal
